// !$*UTF8*$!
{
	archiveVersion = 1;
	classes = {
	};
	objectVersion = 55;
	objects = {

/* Begin PBXBuildFile section */
		C38E34DA28FC1ABA00DE5866 /* AppDelegate.swift in Sources */ = {isa = PBXBuildFile; fileRef = C38E34D928FC1ABA00DE5866 /* AppDelegate.swift */; };
		C38E34DC28FC1ABA00DE5866 /* SceneDelegate.swift in Sources */ = {isa = PBXBuildFile; fileRef = C38E34DB28FC1ABA00DE5866 /* SceneDelegate.swift */; };
		C38E34DE28FC1ABA00DE5866 /* ViewController.swift in Sources */ = {isa = PBXBuildFile; fileRef = C38E34DD28FC1ABA00DE5866 /* ViewController.swift */; };
		C38E34E128FC1ABA00DE5866 /* Main.storyboard in Resources */ = {isa = PBXBuildFile; fileRef = C38E34DF28FC1ABA00DE5866 /* Main.storyboard */; };
		C38E34E328FC1ABB00DE5866 /* Assets.xcassets in Resources */ = {isa = PBXBuildFile; fileRef = C38E34E228FC1ABB00DE5866 /* Assets.xcassets */; };
		C38E34E628FC1ABB00DE5866 /* LaunchScreen.storyboard in Resources */ = {isa = PBXBuildFile; fileRef = C38E34E428FC1ABB00DE5866 /* LaunchScreen.storyboard */; };
		C38E34EE28FC1DE600DE5866 /* DetailViewController.swift in Sources */ = {isa = PBXBuildFile; fileRef = C38E34ED28FC1DE600DE5866 /* DetailViewController.swift */; };
		C38E34F028FC6C9300DE5866 /* Extension.swift in Sources */ = {isa = PBXBuildFile; fileRef = C38E34EF28FC6C9300DE5866 /* Extension.swift */; };
/* End PBXBuildFile section */

/* Begin PBXFileReference section */
		C38E34D628FC1ABA00DE5866 /* CurrencyConverterAPI.app */ = {isa = PBXFileReference; explicitFileType = wrapper.application; includeInIndex = 0; path = CurrencyConverterAPI.app; sourceTree = BUILT_PRODUCTS_DIR; };
		C38E34D928FC1ABA00DE5866 /* AppDelegate.swift */ = {isa = PBXFileReference; lastKnownFileType = sourcecode.swift; path = AppDelegate.swift; sourceTree = "<group>"; };
		C38E34DB28FC1ABA00DE5866 /* SceneDelegate.swift */ = {isa = PBXFileReference; lastKnownFileType = sourcecode.swift; path = SceneDelegate.swift; sourceTree = "<group>"; };
		C38E34DD28FC1ABA00DE5866 /* ViewController.swift */ = {isa = PBXFileReference; lastKnownFileType = sourcecode.swift; path = ViewController.swift; sourceTree = "<group>"; };
		C38E34E028FC1ABA00DE5866 /* Base */ = {isa = PBXFileReference; lastKnownFileType = file.storyboard; name = Base; path = Base.lproj/Main.storyboard; sourceTree = "<group>"; };
		C38E34E228FC1ABB00DE5866 /* Assets.xcassets */ = {isa = PBXFileReference; lastKnownFileType = folder.assetcatalog; path = Assets.xcassets; sourceTree = "<group>"; };
		C38E34E528FC1ABB00DE5866 /* Base */ = {isa = PBXFileReference; lastKnownFileType = file.storyboard; name = Base; path = Base.lproj/LaunchScreen.storyboard; sourceTree = "<group>"; };
		C38E34E728FC1ABB00DE5866 /* Info.plist */ = {isa = PBXFileReference; lastKnownFileType = text.plist.xml; path = Info.plist; sourceTree = "<group>"; };
		C38E34ED28FC1DE600DE5866 /* DetailViewController.swift */ = {isa = PBXFileReference; lastKnownFileType = sourcecode.swift; path = DetailViewController.swift; sourceTree = "<group>"; };
		C38E34EF28FC6C9300DE5866 /* Extension.swift */ = {isa = PBXFileReference; lastKnownFileType = sourcecode.swift; path = Extension.swift; sourceTree = "<group>"; };
/* End PBXFileReference section */

/* Begin PBXFrameworksBuildPhase section */
		C38E34D328FC1ABA00DE5866 /* Frameworks */ = {
			isa = PBXFrameworksBuildPhase;
			buildActionMask = 2147483647;
			files = (
			);
			runOnlyForDeploymentPostprocessing = 0;
		};
/* End PBXFrameworksBuildPhase section */

/* Begin PBXGroup section */
		C38E34CD28FC1ABA00DE5866 = {
			isa = PBXGroup;
			children = (
				C38E34D828FC1ABA00DE5866 /* CurrencyConverterAPI */,
				C38E34D728FC1ABA00DE5866 /* Products */,
			);
			sourceTree = "<group>";
		};
		C38E34D728FC1ABA00DE5866 /* Products */ = {
			isa = PBXGroup;
			children = (
				C38E34D628FC1ABA00DE5866 /* CurrencyConverterAPI.app */,
			);
			name = Products;
			sourceTree = "<group>";
		};
		C38E34D828FC1ABA00DE5866 /* CurrencyConverterAPI */ = {
			isa = PBXGroup;
			children = (
				C38E34D928FC1ABA00DE5866 /* AppDelegate.swift */,
				C38E34DB28FC1ABA00DE5866 /* SceneDelegate.swift */,
				C38E34DD28FC1ABA00DE5866 /* ViewController.swift */,
				C38E34ED28FC1DE600DE5866 /* DetailViewController.swift */,
				C38E34EF28FC6C9300DE5866 /* Extension.swift */,
				C38E34DF28FC1ABA00DE5866 /* Main.storyboard */,
				C38E34E228FC1ABB00DE5866 /* Assets.xcassets */,
				C38E34E428FC1ABB00DE5866 /* LaunchScreen.storyboard */,
				C38E34E728FC1ABB00DE5866 /* Info.plist */,
			);
			path = CurrencyConverterAPI;
			sourceTree = "<group>";
		};
/* End PBXGroup section */

/* Begin PBXNativeTarget section */
		C38E34D528FC1ABA00DE5866 /* CurrencyConverterAPI */ = {
			isa = PBXNativeTarget;
			buildConfigurationList = C38E34EA28FC1ABB00DE5866 /* Build configuration list for PBXNativeTarget "CurrencyConverterAPI" */;
			buildPhases = (
				C38E34D228FC1ABA00DE5866 /* Sources */,
				C38E34D328FC1ABA00DE5866 /* Frameworks */,
				C38E34D428FC1ABA00DE5866 /* Resources */,
			);
			buildRules = (
			);
			dependencies = (
			);
			name = CurrencyConverterAPI;
			productName = CurrencyConverterAPI;
			productReference = C38E34D628FC1ABA00DE5866 /* CurrencyConverterAPI.app */;
			productType = "com.apple.product-type.application";
		};
/* End PBXNativeTarget section */

/* Begin PBXProject section */
		C38E34CE28FC1ABA00DE5866 /* Project object */ = {
			isa = PBXProject;
			attributes = {
				BuildIndependentTargetsInParallel = 1;
				LastSwiftUpdateCheck = 1340;
				LastUpgradeCheck = 1340;
				TargetAttributes = {
					C38E34D528FC1ABA00DE5866 = {
						CreatedOnToolsVersion = 13.4.1;
					};
				};
			};
			buildConfigurationList = C38E34D128FC1ABA00DE5866 /* Build configuration list for PBXProject "CurrencyConverterAPI" */;
			compatibilityVersion = "Xcode 13.0";
			developmentRegion = en;
			hasScannedForEncodings = 0;
			knownRegions = (
				en,
				Base,
			);
			mainGroup = C38E34CD28FC1ABA00DE5866;
			productRefGroup = C38E34D728FC1ABA00DE5866 /* Products */;
			projectDirPath = "";
			projectRoot = "";
			targets = (
				C38E34D528FC1ABA00DE5866 /* CurrencyConverterAPI */,
			);
		};
/* End PBXProject section */

/* Begin PBXResourcesBuildPhase section */
		C38E34D428FC1ABA00DE5866 /* Resources */ = {
			isa = PBXResourcesBuildPhase;
			buildActionMask = 2147483647;
			files = (
				C38E34E628FC1ABB00DE5866 /* LaunchScreen.storyboard in Resources */,
				C38E34E328FC1ABB00DE5866 /* Assets.xcassets in Resources */,
				C38E34E128FC1ABA00DE5866 /* Main.storyboard in Resources */,
			);
			runOnlyForDeploymentPostprocessing = 0;
		};
/* End PBXResourcesBuildPhase section */

/* Begin PBXSourcesBuildPhase section */
		C38E34D228FC1ABA00DE5866 /* Sources */ = {
			isa = PBXSourcesBuildPhase;
			buildActionMask = 2147483647;
			files = (
				C38E34F028FC6C9300DE5866 /* Extension.swift in Sources */,
				C38E34DE28FC1ABA00DE5866 /* ViewController.swift in Sources */,
				C38E34DA28FC1ABA00DE5866 /* AppDelegate.swift in Sources */,
				C38E34DC28FC1ABA00DE5866 /* SceneDelegate.swift in Sources */,
				C38E34EE28FC1DE600DE5866 /* DetailViewController.swift in Sources */,
			);
			runOnlyForDeploymentPostprocessing = 0;
		};
/* End PBXSourcesBuildPhase section */

/* Begin PBXVariantGroup section */
		C38E34DF28FC1ABA00DE5866 /* Main.storyboard */ = {
			isa = PBXVariantGroup;
			children = (
				C38E34E028FC1ABA00DE5866 /* Base */,
			);
			name = Main.storyboard;
			sourceTree = "<group>";
		};
		C38E34E428FC1ABB00DE5866 /* LaunchScreen.storyboard */ = {
			isa = PBXVariantGroup;
			children = (
				C38E34E528FC1ABB00DE5866 /* Base */,
			);
			name = LaunchScreen.storyboard;
			sourceTree = "<group>";
		};
/* End PBXVariantGroup section */

/* Begin XCBuildConfiguration section */
		C38E34E828FC1ABB00DE5866 /* Debug */ = {
			isa = XCBuildConfiguration;
			buildSettings = {
				ALWAYS_SEARCH_USER_PATHS = NO;
				CLANG_ANALYZER_NONNULL = YES;
				CLANG_ANALYZER_NUMBER_OBJECT_CONVERSION = YES_AGGRESSIVE;
				CLANG_CXX_LANGUAGE_STANDARD = "gnu++17";
				CLANG_ENABLE_MODULES = YES;
				CLANG_ENABLE_OBJC_ARC = YES;
				CLANG_ENABLE_OBJC_WEAK = YES;
				CLANG_WARN_BLOCK_CAPTURE_AUTORELEASING = YES;
				CLANG_WARN_BOOL_CONVERSION = YES;
				CLANG_WARN_COMMA = YES;
				CLANG_WARN_CONSTANT_CONVERSION = YES;
				CLANG_WARN_DEPRECATED_OBJC_IMPLEMENTATIONS = YES;
				CLANG_WARN_DIRECT_OBJC_ISA_USAGE = YES_ERROR;
				CLANG_WARN_DOCUMENTATION_COMMENTS = YES;
				CLANG_WARN_EMPTY_BODY = YES;
				CLANG_WARN_ENUM_CONVERSION = YES;
				CLANG_WARN_INFINITE_RECURSION = YES;
				CLANG_WARN_INT_CONVERSION = YES;
				CLANG_WARN_NON_LITERAL_NULL_CONVERSION = YES;
				CLANG_WARN_OBJC_IMPLICIT_RETAIN_SELF = YES;
				CLANG_WARN_OBJC_LITERAL_CONVERSION = YES;
				CLANG_WARN_OBJC_ROOT_CLASS = YES_ERROR;
				CLANG_WARN_QUOTED_INCLUDE_IN_FRAMEWORK_HEADER = YES;
				CLANG_WARN_RANGE_LOOP_ANALYSIS = YES;
				CLANG_WARN_STRICT_PROTOTYPES = YES;
				CLANG_WARN_SUSPICIOUS_MOVE = YES;
				CLANG_WARN_UNGUARDED_AVAILABILITY = YES_AGGRESSIVE;
				CLANG_WARN_UNREACHABLE_CODE = YES;
				CLANG_WARN__DUPLICATE_METHOD_MATCH = YES;
				COPY_PHASE_STRIP = NO;
				DEBUG_INFORMATION_FORMAT = dwarf;
				ENABLE_STRICT_OBJC_MSGSEND = YES;
				ENABLE_TESTABILITY = YES;
				GCC_C_LANGUAGE_STANDARD = gnu11;
				GCC_DYNAMIC_NO_PIC = NO;
				GCC_NO_COMMON_BLOCKS = YES;
				GCC_OPTIMIZATION_LEVEL = 0;
				GCC_PREPROCESSOR_DEFINITIONS = (
					"DEBUG=1",
					"$(inherited)",
				);
				GCC_WARN_64_TO_32_BIT_CONVERSION = YES;
				GCC_WARN_ABOUT_RETURN_TYPE = YES_ERROR;
				GCC_WARN_UNDECLARED_SELECTOR = YES;
				GCC_WARN_UNINITIALIZED_AUTOS = YES_AGGRESSIVE;
				GCC_WARN_UNUSED_FUNCTION = YES;
				GCC_WARN_UNUSED_VARIABLE = YES;
				IPHONEOS_DEPLOYMENT_TARGET = 15.0;
				MTL_ENABLE_DEBUG_INFO = INCLUDE_SOURCE;
				MTL_FAST_MATH = YES;
				ONLY_ACTIVE_ARCH = YES;
				SDKROOT = iphoneos;
				SWIFT_ACTIVE_COMPILATION_CONDITIONS = DEBUG;
				SWIFT_OPTIMIZATION_LEVEL = "-Onone";
			};
			name = Debug;
		};
		C38E34E928FC1ABB00DE5866 /* Release */ = {
			isa = XCBuildConfiguration;
			buildSettings = {
				ALWAYS_SEARCH_USER_PATHS = NO;
				CLANG_ANALYZER_NONNULL = YES;
				CLANG_ANALYZER_NUMBER_OBJECT_CONVERSION = YES_AGGRESSIVE;
				CLANG_CXX_LANGUAGE_STANDARD = "gnu++17";
				CLANG_ENABLE_MODULES = YES;
				CLANG_ENABLE_OBJC_ARC = YES;
				CLANG_ENABLE_OBJC_WEAK = YES;
				CLANG_WARN_BLOCK_CAPTURE_AUTORELEASING = YES;
				CLANG_WARN_BOOL_CONVERSION = YES;
				CLANG_WARN_COMMA = YES;
				CLANG_WARN_CONSTANT_CONVERSION = YES;
				CLANG_WARN_DEPRECATED_OBJC_IMPLEMENTATIONS = YES;
				CLANG_WARN_DIRECT_OBJC_ISA_USAGE = YES_ERROR;
				CLANG_WARN_DOCUMENTATION_COMMENTS = YES;
				CLANG_WARN_EMPTY_BODY = YES;
				CLANG_WARN_ENUM_CONVERSION = YES;
				CLANG_WARN_INFINITE_RECURSION = YES;
				CLANG_WARN_INT_CONVERSION = YES;
				CLANG_WARN_NON_LITERAL_NULL_CONVERSION = YES;
				CLANG_WARN_OBJC_IMPLICIT_RETAIN_SELF = YES;
				CLANG_WARN_OBJC_LITERAL_CONVERSION = YES;
				CLANG_WARN_OBJC_ROOT_CLASS = YES_ERROR;
				CLANG_WARN_QUOTED_INCLUDE_IN_FRAMEWORK_HEADER = YES;
				CLANG_WARN_RANGE_LOOP_ANALYSIS = YES;
				CLANG_WARN_STRICT_PROTOTYPES = YES;
				CLANG_WARN_SUSPICIOUS_MOVE = YES;
				CLANG_WARN_UNGUARDED_AVAILABILITY = YES_AGGRESSIVE;
				CLANG_WARN_UNREACHABLE_CODE = YES;
				CLANG_WARN__DUPLICATE_METHOD_MATCH = YES;
				COPY_PHASE_STRIP = NO;
				DEBUG_INFORMATION_FORMAT = "dwarf-with-dsym";
				ENABLE_NS_ASSERTIONS = NO;
				ENABLE_STRICT_OBJC_MSGSEND = YES;
				GCC_C_LANGUAGE_STANDARD = gnu11;
				GCC_NO_COMMON_BLOCKS = YES;
				GCC_WARN_64_TO_32_BIT_CONVERSION = YES;
				GCC_WARN_ABOUT_RETURN_TYPE = YES_ERROR;
				GCC_WARN_UNDECLARED_SELECTOR = YES;
				GCC_WARN_UNINITIALIZED_AUTOS = YES_AGGRESSIVE;
				GCC_WARN_UNUSED_FUNCTION = YES;
				GCC_WARN_UNUSED_VARIABLE = YES;
				IPHONEOS_DEPLOYMENT_TARGET = 15.0;
				MTL_ENABLE_DEBUG_INFO = NO;
				MTL_FAST_MATH = YES;
				SDKROOT = iphoneos;
				SWIFT_COMPILATION_MODE = wholemodule;
				SWIFT_OPTIMIZATION_LEVEL = "-O";
				VALIDATE_PRODUCT = YES;
			};
			name = Release;
		};
		C38E34EB28FC1ABB00DE5866 /* Debug */ = {
			isa = XCBuildConfiguration;
			buildSettings = {
				ASSETCATALOG_COMPILER_APPICON_NAME = AppIcon;
				ASSETCATALOG_COMPILER_GLOBAL_ACCENT_COLOR_NAME = AccentColor;
				CODE_SIGN_STYLE = Automatic;
				CURRENT_PROJECT_VERSION = 1;
				DEVELOPMENT_TEAM = C8WCKFAUF7;
				GENERATE_INFOPLIST_FILE = YES;
				INFOPLIST_FILE = CurrencyConverterAPI/Info.plist;
				INFOPLIST_KEY_UIApplicationSupportsIndirectInputEvents = YES;
				INFOPLIST_KEY_UILaunchStoryboardName = LaunchScreen;
				INFOPLIST_KEY_UIMainStoryboardFile = Main;
				INFOPLIST_KEY_UISupportedInterfaceOrientations_iPad = "UIInterfaceOrientationPortrait UIInterfaceOrientationPortraitUpsideDown UIInterfaceOrientationLandscapeLeft UIInterfaceOrientationLandscapeRight";
				INFOPLIST_KEY_UISupportedInterfaceOrientations_iPhone = "UIInterfaceOrientationPortrait UIInterfaceOrientationLandscapeLeft UIInterfaceOrientationLandscapeRight";
				LD_RUNPATH_SEARCH_PATHS = (
					"$(inherited)",
					"@executable_path/Frameworks",
				);
				MARKETING_VERSION = 1.0;
				PRODUCT_BUNDLE_IDENTIFIER = com.yunusemrevural.CurrencyConverterAPI;
				PRODUCT_NAME = "$(TARGET_NAME)";
				SWIFT_EMIT_LOC_STRINGS = YES;
				SWIFT_VERSION = 5.0;
				TARGETED_DEVICE_FAMILY = "1,2";
			};
			name = Debug;
		};
		C38E34EC28FC1ABB00DE5866 /* Release */ = {
			isa = XCBuildConfiguration;
			buildSettings = {
				ASSETCATALOG_COMPILER_APPICON_NAME = AppIcon;
				ASSETCATALOG_COMPILER_GLOBAL_ACCENT_COLOR_NAME = AccentColor;
				CODE_SIGN_STYLE = Automatic;
				CURRENT_PROJECT_VERSION = 1;
				DEVELOPMENT_TEAM = C8WCKFAUF7;
				GENERATE_INFOPLIST_FILE = YES;
				INFOPLIST_FILE = CurrencyConverterAPI/Info.plist;
				INFOPLIST_KEY_UIApplicationSupportsIndirectInputEvents = YES;
				INFOPLIST_KEY_UILaunchStoryboardName = LaunchScreen;
				INFOPLIST_KEY_UIMainStoryboardFile = Main;
				INFOPLIST_KEY_UISupportedInterfaceOrientations_iPad = "UIInterfaceOrientationPortrait UIInterfaceOrientationPortraitUpsideDown UIInterfaceOrientationLandscapeLeft UIInterfaceOrientationLandscapeRight";
				INFOPLIST_KEY_UISupportedInterfaceOrientations_iPhone = "UIInterfaceOrientationPortrait UIInterfaceOrientationLandscapeLeft UIInterfaceOrientationLandscapeRight";
				LD_RUNPATH_SEARCH_PATHS = (
					"$(inherited)",
					"@executable_path/Frameworks",
				);
				MARKETING_VERSION = 1.0;
				PRODUCT_BUNDLE_IDENTIFIER = com.yunusemrevural.CurrencyConverterAPI;
				PRODUCT_NAME = "$(TARGET_NAME)";
				SWIFT_EMIT_LOC_STRINGS = YES;
				SWIFT_VERSION = 5.0;
				TARGETED_DEVICE_FAMILY = "1,2";
			};
			name = Release;
		};
/* End XCBuildConfiguration section */

/* Begin XCConfigurationList section */
		C38E34D128FC1ABA00DE5866 /* Build configuration list for PBXProject "CurrencyConverterAPI" */ = {
			isa = XCConfigurationList;
			buildConfigurations = (
				C38E34E828FC1ABB00DE5866 /* Debug */,
				C38E34E928FC1ABB00DE5866 /* Release */,
			);
			defaultConfigurationIsVisible = 0;
			defaultConfigurationName = Release;
		};
		C38E34EA28FC1ABB00DE5866 /* Build configuration list for PBXNativeTarget "CurrencyConverterAPI" */ = {
			isa = XCConfigurationList;
			buildConfigurations = (
				C38E34EB28FC1ABB00DE5866 /* Debug */,
				C38E34EC28FC1ABB00DE5866 /* Release */,
			);
			defaultConfigurationIsVisible = 0;
			defaultConfigurationName = Release;
		};
/* End XCConfigurationList section */
	};
	rootObject = C38E34CE28FC1ABA00DE5866 /* Project object */;
}
